{
  "requires": true,
  "lockfileVersion": 1,
  "dependencies": {
    "alertifyjs": {
      "version": "1.13.1",
      "resolved": "https://registry.npmjs.org/alertifyjs/-/alertifyjs-1.13.1.tgz",
      "integrity": "sha512-CckZE2dZDsEEXglOXKxT00vUDV5A6udZom+bn1XHdIWlbSFZgYq7UXCBlwkShhIH3Li/1VxLmr55GOQFQ12WSg=="
    },
    "ng-alertify": {
      "version": "1.0.2",
      "resolved": "https://registry.npmjs.org/ng-alertify/-/ng-alertify-1.0.2.tgz",
      "integrity": "sha1-TeNAjXIHLZZQNnjvDP5ZH4zqgBQ="
    }
  }
}
